
Microsoft Visual Studio Solution File, Format Version 12.00
# Visual Studio Version 16
VisualStudioVersion = 16.0.30002.166
MinimumVisualStudioVersion = 10.0.40219.1
Project("{FAE04EC0-301F-11D3-BF4B-00C04F79EFBC}") = "Stack.Array", "Stack.Array\Stack.Array.csproj", "{7DAA5E06-D160-4A5F-806B-A0201DD73D6A}"
EndProject
Project("{FAE04EC0-301F-11D3-BF4B-00C04F79EFBC}") = "PostfixCalc", "PostfixCalc\PostfixCalc.csproj", "{9002B215-0147-499E-8B73-79937EDE85C8}"
EndProject
Project("{FAE04EC0-301F-11D3-BF4B-00C04F79EFBC}") = "Stack_List", "Stack_List\Stack_List.csproj", "{B7100C79-7B58-4EAC-8ED2-71F3E904143F}"
EndProject
Global
	GlobalSection(SolutionConfigurationPlatforms) = preSolution
		Debug|Any CPU = Debug|Any CPU
		Release|Any CPU = Release|Any CPU
	EndGlobalSection
	GlobalSection(ProjectConfigurationPlatforms) = postSolution
		{7DAA5E06-D160-4A5F-806B-A0201DD73D6A}.Debug|Any CPU.ActiveCfg = Debug|Any CPU
		{7DAA5E06-D160-4A5F-806B-A0201DD73D6A}.Debug|Any CPU.Build.0 = Debug|Any CPU
		{7DAA5E06-D160-4A5F-806B-A0201DD73D6A}.Release|Any CPU.ActiveCfg = Release|Any CPU
		{7DAA5E06-D160-4A5F-806B-A0201DD73D6A}.Release|Any CPU.Build.0 = Release|Any CPU
		{9002B215-0147-499E-8B73-79937EDE85C8}.Debug|Any CPU.ActiveCfg = Debug|Any CPU
		{9002B215-0147-499E-8B73-79937EDE85C8}.Debug|Any CPU.Build.0 = Debug|Any CPU
		{9002B215-0147-499E-8B73-79937EDE85C8}.Release|Any CPU.ActiveCfg = Release|Any CPU
		{9002B215-0147-499E-8B73-79937EDE85C8}.Release|Any CPU.Build.0 = Release|Any CPU
		{B7100C79-7B58-4EAC-8ED2-71F3E904143F}.Debug|Any CPU.ActiveCfg = Debug|Any CPU
		{B7100C79-7B58-4EAC-8ED2-71F3E904143F}.Debug|Any CPU.Build.0 = Debug|Any CPU
		{B7100C79-7B58-4EAC-8ED2-71F3E904143F}.Release|Any CPU.ActiveCfg = Release|Any CPU
		{B7100C79-7B58-4EAC-8ED2-71F3E904143F}.Release|Any CPU.Build.0 = Release|Any CPU
	EndGlobalSection
	GlobalSection(SolutionProperties) = preSolution
		HideSolutionNode = FALSE
	EndGlobalSection
	GlobalSection(ExtensibilityGlobals) = postSolution
		SolutionGuid = {63ABA8F2-650C-4AA0-A99B-D7D22F330E4E}
	EndGlobalSection
EndGlobal
